
Microsoft Visual Studio Solution File, Format Version 12.00
# Visual Studio 15
VisualStudioVersion = 15.0.26730.16
MinimumVisualStudioVersion = 10.0.40219.1
Project("{FAE04EC0-301F-11D3-BF4B-00C04F79EFBC}") = "ApiClientCoreExample.WEB", "ApiClientCoreExample.WEB\ApiClientCoreExample.WEB.csproj", "{199A3202-34D1-4C6F-A390-D049248E4683}"
EndProject
Project("{FAE04EC0-301F-11D3-BF4B-00C04F79EFBC}") = "ApiClientCoreExample.DAL", "ApiClientCoreExample.DAL\ApiClientCoreExample.DAL.csproj", "{455FCF56-3006-43CD-A3E3-A1737CBF62A6}"
EndProject
Project("{FAE04EC0-301F-11D3-BF4B-00C04F79EFBC}") = "ApiClientCoreExample.BLL", "ApiClientCoreExample.BLL\ApiClientCoreExample.BLL.csproj", "{045BD4A4-4946-402B-9D36-7653B1CD0C17}"
EndProject
Project("{FAE04EC0-301F-11D3-BF4B-00C04F79EFBC}") = "ApiClientCoreExample.Tests", "ApiClientCoreExample.Tests\ApiClientCoreExample.Tests.csproj", "{6ED8C2FC-3A11-438B-BB51-850D82678057}"
EndProject
Global
	GlobalSection(SolutionConfigurationPlatforms) = preSolution
		Debug|Any CPU = Debug|Any CPU
		Release|Any CPU = Release|Any CPU
	EndGlobalSection
	GlobalSection(ProjectConfigurationPlatforms) = postSolution
		{199A3202-34D1-4C6F-A390-D049248E4683}.Debug|Any CPU.ActiveCfg = Debug|Any CPU
		{199A3202-34D1-4C6F-A390-D049248E4683}.Debug|Any CPU.Build.0 = Debug|Any CPU
		{199A3202-34D1-4C6F-A390-D049248E4683}.Release|Any CPU.ActiveCfg = Release|Any CPU
		{199A3202-34D1-4C6F-A390-D049248E4683}.Release|Any CPU.Build.0 = Release|Any CPU
		{455FCF56-3006-43CD-A3E3-A1737CBF62A6}.Debug|Any CPU.ActiveCfg = Debug|Any CPU
		{455FCF56-3006-43CD-A3E3-A1737CBF62A6}.Debug|Any CPU.Build.0 = Debug|Any CPU
		{455FCF56-3006-43CD-A3E3-A1737CBF62A6}.Release|Any CPU.ActiveCfg = Release|Any CPU
		{455FCF56-3006-43CD-A3E3-A1737CBF62A6}.Release|Any CPU.Build.0 = Release|Any CPU
		{045BD4A4-4946-402B-9D36-7653B1CD0C17}.Debug|Any CPU.ActiveCfg = Debug|Any CPU
		{045BD4A4-4946-402B-9D36-7653B1CD0C17}.Debug|Any CPU.Build.0 = Debug|Any CPU
		{045BD4A4-4946-402B-9D36-7653B1CD0C17}.Release|Any CPU.ActiveCfg = Release|Any CPU
		{045BD4A4-4946-402B-9D36-7653B1CD0C17}.Release|Any CPU.Build.0 = Release|Any CPU
		{6ED8C2FC-3A11-438B-BB51-850D82678057}.Debug|Any CPU.ActiveCfg = Debug|Any CPU
		{6ED8C2FC-3A11-438B-BB51-850D82678057}.Debug|Any CPU.Build.0 = Debug|Any CPU
		{6ED8C2FC-3A11-438B-BB51-850D82678057}.Release|Any CPU.ActiveCfg = Release|Any CPU
		{6ED8C2FC-3A11-438B-BB51-850D82678057}.Release|Any CPU.Build.0 = Release|Any CPU
	EndGlobalSection
	GlobalSection(SolutionProperties) = preSolution
		HideSolutionNode = FALSE
	EndGlobalSection
	GlobalSection(ExtensibilityGlobals) = postSolution
		SolutionGuid = {14826E67-0A64-46F8-9975-C7F9630060AF}
	EndGlobalSection
EndGlobal
